
Microsoft Visual Studio Solution File, Format Version 12.00
# Visual Studio 15
VisualStudioVersion = 15.0.28307.572
MinimumVisualStudioVersion = 10.0.40219.1
Project("{9A19103F-16F7-4668-BE54-9A1E7A4F7556}") = "Delobytes.AspNetCore.Swagger", "src\Delobytes.AspNetCore.Swagger.csproj", "{DB1E8926-5577-408E-8FD6-6B95A5168BB0}"
EndProject
Global
	GlobalSection(SolutionConfigurationPlatforms) = preSolution
		Debug|Any CPU = Debug|Any CPU
		Release|Any CPU = Release|Any CPU
	EndGlobalSection
	GlobalSection(ProjectConfigurationPlatforms) = postSolution
		{DB1E8926-5577-408E-8FD6-6B95A5168BB0}.Debug|Any CPU.ActiveCfg = Debug|Any CPU
		{DB1E8926-5577-408E-8FD6-6B95A5168BB0}.Debug|Any CPU.Build.0 = Debug|Any CPU
		{DB1E8926-5577-408E-8FD6-6B95A5168BB0}.Release|Any CPU.ActiveCfg = Release|Any CPU
		{DB1E8926-5577-408E-8FD6-6B95A5168BB0}.Release|Any CPU.Build.0 = Release|Any CPU
	EndGlobalSection
	GlobalSection(SolutionProperties) = preSolution
		HideSolutionNode = FALSE
	EndGlobalSection
	GlobalSection(ExtensibilityGlobals) = postSolution
		SolutionGuid = {90FF9E65-8186-4F28-A8BB-F9448B30ACB6}
	EndGlobalSection
EndGlobal
